// !$*UTF8*$!
{
	archiveVersion = 1;
	classes = {
	};
	objectVersion = 46;
	objects = {

/* Begin PBXBuildFile section */
		BB122C1A1B4E2E1000416B4F /* AppDelegate.swift in Sources */ = {isa = PBXBuildFile; fileRef = BB122C191B4E2E1000416B4F /* AppDelegate.swift */; };
		BB122C1C1B4E2E1000416B4F /* ViewController.swift in Sources */ = {isa = PBXBuildFile; fileRef = BB122C1B1B4E2E1000416B4F /* ViewController.swift */; };
		BB122C1F1B4E2E1000416B4F /* Main.storyboard in Resources */ = {isa = PBXBuildFile; fileRef = BB122C1D1B4E2E1000416B4F /* Main.storyboard */; };
		BB122C211B4E2E1000416B4F /* Images.xcassets in Resources */ = {isa = PBXBuildFile; fileRef = BB122C201B4E2E1000416B4F /* Images.xcassets */; };
		BB122C241B4E2E1000416B4F /* LaunchScreen.xib in Resources */ = {isa = PBXBuildFile; fileRef = BB122C221B4E2E1000416B4F /* LaunchScreen.xib */; };
		BB122C301B4E2E1100416B4F /* ShoeConverterTests.swift in Sources */ = {isa = PBXBuildFile; fileRef = BB122C2F1B4E2E1100416B4F /* ShoeConverterTests.swift */; };
/* End PBXBuildFile section */

/* Begin PBXContainerItemProxy section */
		BB122C2A1B4E2E1100416B4F /* PBXContainerItemProxy */ = {
			isa = PBXContainerItemProxy;
			containerPortal = BB122C0C1B4E2E1000416B4F /* Project object */;
			proxyType = 1;
			remoteGlobalIDString = BB122C131B4E2E1000416B4F;
			remoteInfo = ShoeConverter;
		};
/* End PBXContainerItemProxy section */

/* Begin PBXFileReference section */
		BB122C141B4E2E1000416B4F /* ShoeConverter.app */ = {isa = PBXFileReference; explicitFileType = wrapper.application; includeInIndex = 0; path = ShoeConverter.app; sourceTree = BUILT_PRODUCTS_DIR; };
		BB122C181B4E2E1000416B4F /* Info.plist */ = {isa = PBXFileReference; lastKnownFileType = text.plist.xml; path = Info.plist; sourceTree = "<group>"; };
		BB122C191B4E2E1000416B4F /* AppDelegate.swift */ = {isa = PBXFileReference; lastKnownFileType = sourcecode.swift; path = AppDelegate.swift; sourceTree = "<group>"; };
		BB122C1B1B4E2E1000416B4F /* ViewController.swift */ = {isa = PBXFileReference; lastKnownFileType = sourcecode.swift; path = ViewController.swift; sourceTree = "<group>"; };
		BB122C1E1B4E2E1000416B4F /* Base */ = {isa = PBXFileReference; lastKnownFileType = file.storyboard; name = Base; path = Base.lproj/Main.storyboard; sourceTree = "<group>"; };
		BB122C201B4E2E1000416B4F /* Images.xcassets */ = {isa = PBXFileReference; lastKnownFileType = folder.assetcatalog; path = Images.xcassets; sourceTree = "<group>"; };
		BB122C231B4E2E1000416B4F /* Base */ = {isa = PBXFileReference; lastKnownFileType = file.xib; name = Base; path = Base.lproj/LaunchScreen.xib; sourceTree = "<group>"; };
		BB122C291B4E2E1100416B4F /* ShoeConverterTests.xctest */ = {isa = PBXFileReference; explicitFileType = wrapper.cfbundle; includeInIndex = 0; path = ShoeConverterTests.xctest; sourceTree = BUILT_PRODUCTS_DIR; };
		BB122C2E1B4E2E1100416B4F /* Info.plist */ = {isa = PBXFileReference; lastKnownFileType = text.plist.xml; path = Info.plist; sourceTree = "<group>"; };
		BB122C2F1B4E2E1100416B4F /* ShoeConverterTests.swift */ = {isa = PBXFileReference; lastKnownFileType = sourcecode.swift; path = ShoeConverterTests.swift; sourceTree = "<group>"; };
/* End PBXFileReference section */

/* Begin PBXFrameworksBuildPhase section */
		BB122C111B4E2E1000416B4F /* Frameworks */ = {
			isa = PBXFrameworksBuildPhase;
			buildActionMask = 2147483647;
			files = (
			);
			runOnlyForDeploymentPostprocessing = 0;
		};
		BB122C261B4E2E1100416B4F /* Frameworks */ = {
			isa = PBXFrameworksBuildPhase;
			buildActionMask = 2147483647;
			files = (
			);
			runOnlyForDeploymentPostprocessing = 0;
		};
/* End PBXFrameworksBuildPhase section */

/* Begin PBXGroup section */
		BB122C0B1B4E2E1000416B4F = {
			isa = PBXGroup;
			children = (
				BB122C161B4E2E1000416B4F /* ShoeConverter */,
				BB122C2C1B4E2E1100416B4F /* ShoeConverterTests */,
				BB122C151B4E2E1000416B4F /* Products */,
			);
			sourceTree = "<group>";
		};
		BB122C151B4E2E1000416B4F /* Products */ = {
			isa = PBXGroup;
			children = (
				BB122C141B4E2E1000416B4F /* ShoeConverter.app */,
				BB122C291B4E2E1100416B4F /* ShoeConverterTests.xctest */,
			);
			name = Products;
			sourceTree = "<group>";
		};
		BB122C161B4E2E1000416B4F /* ShoeConverter */ = {
			isa = PBXGroup;
			children = (
				BB122C191B4E2E1000416B4F /* AppDelegate.swift */,
				BB122C1B1B4E2E1000416B4F /* ViewController.swift */,
				BB122C1D1B4E2E1000416B4F /* Main.storyboard */,
				BB122C201B4E2E1000416B4F /* Images.xcassets */,
				BB122C221B4E2E1000416B4F /* LaunchScreen.xib */,
				BB122C171B4E2E1000416B4F /* Supporting Files */,
			);
			path = ShoeConverter;
			sourceTree = "<group>";
		};
		BB122C171B4E2E1000416B4F /* Supporting Files */ = {
			isa = PBXGroup;
			children = (
				BB122C181B4E2E1000416B4F /* Info.plist */,
			);
			name = "Supporting Files";
			sourceTree = "<group>";
		};
		BB122C2C1B4E2E1100416B4F /* ShoeConverterTests */ = {
			isa = PBXGroup;
			children = (
				BB122C2F1B4E2E1100416B4F /* ShoeConverterTests.swift */,
				BB122C2D1B4E2E1100416B4F /* Supporting Files */,
			);
			path = ShoeConverterTests;
			sourceTree = "<group>";
		};
		BB122C2D1B4E2E1100416B4F /* Supporting Files */ = {
			isa = PBXGroup;
			children = (
				BB122C2E1B4E2E1100416B4F /* Info.plist */,
			);
			name = "Supporting Files";
			sourceTree = "<group>";
		};
/* End PBXGroup section */

/* Begin PBXNativeTarget section */
		BB122C131B4E2E1000416B4F /* ShoeConverter */ = {
			isa = PBXNativeTarget;
			buildConfigurationList = BB122C331B4E2E1100416B4F /* Build configuration list for PBXNativeTarget "ShoeConverter" */;
			buildPhases = (
				BB122C101B4E2E1000416B4F /* Sources */,
				BB122C111B4E2E1000416B4F /* Frameworks */,
				BB122C121B4E2E1000416B4F /* Resources */,
			);
			buildRules = (
			);
			dependencies = (
			);
			name = ShoeConverter;
			productName = ShoeConverter;
			productReference = BB122C141B4E2E1000416B4F /* ShoeConverter.app */;
			productType = "com.apple.product-type.application";
		};
		BB122C281B4E2E1100416B4F /* ShoeConverterTests */ = {
			isa = PBXNativeTarget;
			buildConfigurationList = BB122C361B4E2E1100416B4F /* Build configuration list for PBXNativeTarget "ShoeConverterTests" */;
			buildPhases = (
				BB122C251B4E2E1100416B4F /* Sources */,
				BB122C261B4E2E1100416B4F /* Frameworks */,
				BB122C271B4E2E1100416B4F /* Resources */,
			);
			buildRules = (
			);
			dependencies = (
				BB122C2B1B4E2E1100416B4F /* PBXTargetDependency */,
			);
			name = ShoeConverterTests;
			productName = ShoeConverterTests;
			productReference = BB122C291B4E2E1100416B4F /* ShoeConverterTests.xctest */;
			productType = "com.apple.product-type.bundle.unit-test";
		};
/* End PBXNativeTarget section */

/* Begin PBXProject section */
		BB122C0C1B4E2E1000416B4F /* Project object */ = {
			isa = PBXProject;
			attributes = {
				LastUpgradeCheck = 0630;
				ORGANIZATIONNAME = arikko;
				TargetAttributes = {
					BB122C131B4E2E1000416B4F = {
						CreatedOnToolsVersion = 6.3.1;
					};
					BB122C281B4E2E1100416B4F = {
						CreatedOnToolsVersion = 6.3.1;
						TestTargetID = BB122C131B4E2E1000416B4F;
					};
				};
			};
			buildConfigurationList = BB122C0F1B4E2E1000416B4F /* Build configuration list for PBXProject "ShoeConverter" */;
			compatibilityVersion = "Xcode 3.2";
			developmentRegion = English;
			hasScannedForEncodings = 0;
			knownRegions = (
				en,
				Base,
			);
			mainGroup = BB122C0B1B4E2E1000416B4F;
			productRefGroup = BB122C151B4E2E1000416B4F /* Products */;
			projectDirPath = "";
			projectRoot = "";
			targets = (
				BB122C131B4E2E1000416B4F /* ShoeConverter */,
				BB122C281B4E2E1100416B4F /* ShoeConverterTests */,
			);
		};
/* End PBXProject section */

/* Begin PBXResourcesBuildPhase section */
		BB122C121B4E2E1000416B4F /* Resources */ = {
			isa = PBXResourcesBuildPhase;
			buildActionMask = 2147483647;
			files = (
				BB122C1F1B4E2E1000416B4F /* Main.storyboard in Resources */,
				BB122C241B4E2E1000416B4F /* LaunchScreen.xib in Resources */,
				BB122C211B4E2E1000416B4F /* Images.xcassets in Resources */,
			);
			runOnlyForDeploymentPostprocessing = 0;
		};
		BB122C271B4E2E1100416B4F /* Resources */ = {
			isa = PBXResourcesBuildPhase;
			buildActionMask = 2147483647;
			files = (
			);
			runOnlyForDeploymentPostprocessing = 0;
		};
/* End PBXResourcesBuildPhase section */

/* Begin PBXSourcesBuildPhase section */
		BB122C101B4E2E1000416B4F /* Sources */ = {
			isa = PBXSourcesBuildPhase;
			buildActionMask = 2147483647;
			files = (
				BB122C1C1B4E2E1000416B4F /* ViewController.swift in Sources */,
				BB122C1A1B4E2E1000416B4F /* AppDelegate.swift in Sources */,
			);
			runOnlyForDeploymentPostprocessing = 0;
		};
		BB122C251B4E2E1100416B4F /* Sources */ = {
			isa = PBXSourcesBuildPhase;
			buildActionMask = 2147483647;
			files = (
				BB122C301B4E2E1100416B4F /* ShoeConverterTests.swift in Sources */,
			);
			runOnlyForDeploymentPostprocessing = 0;
		};
/* End PBXSourcesBuildPhase section */

/* Begin PBXTargetDependency section */
		BB122C2B1B4E2E1100416B4F /* PBXTargetDependency */ = {
			isa = PBXTargetDependency;
			target = BB122C131B4E2E1000416B4F /* ShoeConverter */;
			targetProxy = BB122C2A1B4E2E1100416B4F /* PBXContainerItemProxy */;
		};
/* End PBXTargetDependency section */

/* Begin PBXVariantGroup section */
		BB122C1D1B4E2E1000416B4F /* Main.storyboard */ = {
			isa = PBXVariantGroup;
			children = (
				BB122C1E1B4E2E1000416B4F /* Base */,
			);
			name = Main.storyboard;
			sourceTree = "<group>";
		};
		BB122C221B4E2E1000416B4F /* LaunchScreen.xib */ = {
			isa = PBXVariantGroup;
			children = (
				BB122C231B4E2E1000416B4F /* Base */,
			);
			name = LaunchScreen.xib;
			sourceTree = "<group>";
		};
/* End PBXVariantGroup section */

/* Begin XCBuildConfiguration section */
		BB122C311B4E2E1100416B4F /* Debug */ = {
			isa = XCBuildConfiguration;
			buildSettings = {
				ALWAYS_SEARCH_USER_PATHS = NO;
				CLANG_CXX_LANGUAGE_STANDARD = "gnu++0x";
				CLANG_CXX_LIBRARY = "libc++";
				CLANG_ENABLE_MODULES = YES;
				CLANG_ENABLE_OBJC_ARC = YES;
				CLANG_WARN_BOOL_CONVERSION = YES;
				CLANG_WARN_CONSTANT_CONVERSION = YES;
				CLANG_WARN_DIRECT_OBJC_ISA_USAGE = YES_ERROR;
				CLANG_WARN_EMPTY_BODY = YES;
				CLANG_WARN_ENUM_CONVERSION = YES;
				CLANG_WARN_INT_CONVERSION = YES;
				CLANG_WARN_OBJC_ROOT_CLASS = YES_ERROR;
				CLANG_WARN_UNREACHABLE_CODE = YES;
				CLANG_WARN__DUPLICATE_METHOD_MATCH = YES;
				"CODE_SIGN_IDENTITY[sdk=iphoneos*]" = "iPhone Developer";
				COPY_PHASE_STRIP = NO;
				DEBUG_INFORMATION_FORMAT = "dwarf-with-dsym";
				ENABLE_STRICT_OBJC_MSGSEND = YES;
				GCC_C_LANGUAGE_STANDARD = gnu99;
				GCC_DYNAMIC_NO_PIC = NO;
				GCC_NO_COMMON_BLOCKS = YES;
				GCC_OPTIMIZATION_LEVEL = 0;
				GCC_PREPROCESSOR_DEFINITIONS = (
					"DEBUG=1",
					"$(inherited)",
				);
				GCC_SYMBOLS_PRIVATE_EXTERN = NO;
				GCC_WARN_64_TO_32_BIT_CONVERSION = YES;
				GCC_WARN_ABOUT_RETURN_TYPE = YES_ERROR;
				GCC_WARN_UNDECLARED_SELECTOR = YES;
				GCC_WARN_UNINITIALIZED_AUTOS = YES_AGGRESSIVE;
				GCC_WARN_UNUSED_FUNCTION = YES;
				GCC_WARN_UNUSED_VARIABLE = YES;
				IPHONEOS_DEPLOYMENT_TARGET = 8.3;
				MTL_ENABLE_DEBUG_INFO = YES;
				ONLY_ACTIVE_ARCH = YES;
				SDKROOT = iphoneos;
				SWIFT_OPTIMIZATION_LEVEL = "-Onone";
				TARGETED_DEVICE_FAMILY = "1,2";
			};
			name = Debug;
		};
		BB122C321B4E2E1100416B4F /* Release */ = {
			isa = XCBuildConfiguration;
			buildSettings = {
				ALWAYS_SEARCH_USER_PATHS = NO;
				CLANG_CXX_LANGUAGE_STANDARD = "gnu++0x";
				CLANG_CXX_LIBRARY = "libc++";
				CLANG_ENABLE_MODULES = YES;
				CLANG_ENABLE_OBJC_ARC = YES;
				CLANG_WARN_BOOL_CONVERSION = YES;
				CLANG_WARN_CONSTANT_CONVERSION = YES;
				CLANG_WARN_DIRECT_OBJC_ISA_USAGE = YES_ERROR;
				CLANG_WARN_EMPTY_BODY = YES;
				CLANG_WARN_ENUM_CONVERSION = YES;
				CLANG_WARN_INT_CONVERSION = YES;
				CLANG_WARN_OBJC_ROOT_CLASS = YES_ERROR;
				CLANG_WARN_UNREACHABLE_CODE = YES;
				CLANG_WARN__DUPLICATE_METHOD_MATCH = YES;
				"CODE_SIGN_IDENTITY[sdk=iphoneos*]" = "iPhone Developer";
				COPY_PHASE_STRIP = NO;
				DEBUG_INFORMATION_FORMAT = "dwarf-with-dsym";
				ENABLE_NS_ASSERTIONS = NO;
				ENABLE_STRICT_OBJC_MSGSEND = YES;
				GCC_C_LANGUAGE_STANDARD = gnu99;
				GCC_NO_COMMON_BLOCKS = YES;
				GCC_WARN_64_TO_32_BIT_CONVERSION = YES;
				GCC_WARN_ABOUT_RETURN_TYPE = YES_ERROR;
				GCC_WARN_UNDECLARED_SELECTOR = YES;
				GCC_WARN_UNINITIALIZED_AUTOS = YES_AGGRESSIVE;
				GCC_WARN_UNUSED_FUNCTION = YES;
				GCC_WARN_UNUSED_VARIABLE = YES;
				IPHONEOS_DEPLOYMENT_TARGET = 8.3;
				MTL_ENABLE_DEBUG_INFO = NO;
				SDKROOT = iphoneos;
				TARGETED_DEVICE_FAMILY = "1,2";
				VALIDATE_PRODUCT = YES;
			};
			name = Release;
		};
		BB122C341B4E2E1100416B4F /* Debug */ = {
			isa = XCBuildConfiguration;
			buildSettings = {
				ASSETCATALOG_COMPILER_APPICON_NAME = AppIcon;
				INFOPLIST_FILE = ShoeConverter/Info.plist;
				LD_RUNPATH_SEARCH_PATHS = "$(inherited) @executable_path/Frameworks";
				PRODUCT_NAME = "$(TARGET_NAME)";
			};
			name = Debug;
		};
		BB122C351B4E2E1100416B4F /* Release */ = {
			isa = XCBuildConfiguration;
			buildSettings = {
				ASSETCATALOG_COMPILER_APPICON_NAME = AppIcon;
				INFOPLIST_FILE = ShoeConverter/Info.plist;
				LD_RUNPATH_SEARCH_PATHS = "$(inherited) @executable_path/Frameworks";
				PRODUCT_NAME = "$(TARGET_NAME)";
			};
			name = Release;
		};
		BB122C371B4E2E1100416B4F /* Debug */ = {
			isa = XCBuildConfiguration;
			buildSettings = {
				BUNDLE_LOADER = "$(TEST_HOST)";
				FRAMEWORK_SEARCH_PATHS = (
					"$(SDKROOT)/Developer/Library/Frameworks",
					"$(inherited)",
				);
				GCC_PREPROCESSOR_DEFINITIONS = (
					"DEBUG=1",
					"$(inherited)",
				);
				INFOPLIST_FILE = ShoeConverterTests/Info.plist;
				LD_RUNPATH_SEARCH_PATHS = "$(inherited) @executable_path/Frameworks @loader_path/Frameworks";
				PRODUCT_NAME = "$(TARGET_NAME)";
				TEST_HOST = "$(BUILT_PRODUCTS_DIR)/ShoeConverter.app/ShoeConverter";
			};
			name = Debug;
		};
		BB122C381B4E2E1100416B4F /* Release */ = {
			isa = XCBuildConfiguration;
			buildSettings = {
				BUNDLE_LOADER = "$(TEST_HOST)";
				FRAMEWORK_SEARCH_PATHS = (
					"$(SDKROOT)/Developer/Library/Frameworks",
					"$(inherited)",
				);
				INFOPLIST_FILE = ShoeConverterTests/Info.plist;
				LD_RUNPATH_SEARCH_PATHS = "$(inherited) @executable_path/Frameworks @loader_path/Frameworks";
				PRODUCT_NAME = "$(TARGET_NAME)";
				TEST_HOST = "$(BUILT_PRODUCTS_DIR)/ShoeConverter.app/ShoeConverter";
			};
			name = Release;
		};
/* End XCBuildConfiguration section */

/* Begin XCConfigurationList section */
		BB122C0F1B4E2E1000416B4F /* Build configuration list for PBXProject "ShoeConverter" */ = {
			isa = XCConfigurationList;
			buildConfigurations = (
				BB122C311B4E2E1100416B4F /* Debug */,
				BB122C321B4E2E1100416B4F /* Release */,
			);
			defaultConfigurationIsVisible = 0;
			defaultConfigurationName = Release;
		};
		BB122C331B4E2E1100416B4F /* Build configuration list for PBXNativeTarget "ShoeConverter" */ = {
			isa = XCConfigurationList;
			buildConfigurations = (
				BB122C341B4E2E1100416B4F /* Debug */,
				BB122C351B4E2E1100416B4F /* Release */,
			);
			defaultConfigurationIsVisible = 0;
		};
		BB122C361B4E2E1100416B4F /* Build configuration list for PBXNativeTarget "ShoeConverterTests" */ = {
			isa = XCConfigurationList;
			buildConfigurations = (
				BB122C371B4E2E1100416B4F /* Debug */,
				BB122C381B4E2E1100416B4F /* Release */,
			);
			defaultConfigurationIsVisible = 0;
		};
/* End XCConfigurationList section */
	};
	rootObject = BB122C0C1B4E2E1000416B4F /* Project object */;
}
